// !$*UTF8*$!
{
	archiveVersion = 1;
	classes = {
	};
	objectVersion = 54;
	objects = {

/* Begin PBXBuildFile section */
		00E356F31AD99517003FC87E /* AceCreditTests.m in Sources */ = {isa = PBXBuildFile; fileRef = 00E356F21AD99517003FC87E /* AceCreditTests.m */; };
		0AA6CBCA0C97470C9CBE79F2 /* MaterialIcons.ttf in Resources */ = {isa = PBXBuildFile; fileRef = 4E3856B6AA0A42EF9112DA2C /* MaterialIcons.ttf */; };
		13B07FBC1A68108700A75B9A /* AppDelegate.m in Sources */ = {isa = PBXBuildFile; fileRef = 13B07FB01A68108700A75B9A /* AppDelegate.m */; };
		13B07FBF1A68108700A75B9A /* Images.xcassets in Resources */ = {isa = PBXBuildFile; fileRef = 13B07FB51A68108700A75B9A /* Images.xcassets */; };
		13B07FC11A68108700A75B9A /* main.m in Sources */ = {isa = PBXBuildFile; fileRef = 13B07FB71A68108700A75B9A /* main.m */; };
		1454C8D83DE6437CAB7BCDF1 /* FontAwesome5_Regular.ttf in Resources */ = {isa = PBXBuildFile; fileRef = 54712934CEA9468BA1784F4E /* FontAwesome5_Regular.ttf */; };
		1503F4902ED04EBEB2461CAE /* Feather.ttf in Resources */ = {isa = PBXBuildFile; fileRef = F819B6840E1648699547971C /* Feather.ttf */; };
		2349A983DB4C35076DED3999 /* libPods-AceCredit-AceCreditTests.a in Frameworks */ = {isa = PBXBuildFile; fileRef = 67352DFCE76F446ED7484134 /* libPods-AceCredit-AceCreditTests.a */; };
		2E53859D2AC749978F88C3C3 /* Entypo.ttf in Resources */ = {isa = PBXBuildFile; fileRef = 439838D6E5B241DC90F0504A /* Entypo.ttf */; };
		3A1E3B8A0BC24B7B90D23BE0 /* FontAwesome5_Brands.ttf in Resources */ = {isa = PBXBuildFile; fileRef = 3A189C86143747539FEA87A9 /* FontAwesome5_Brands.ttf */; };
		44918C78FD00486F95BB65B3 /* Fontisto.ttf in Resources */ = {isa = PBXBuildFile; fileRef = 6CF6EEF4F3354444B8F8FE33 /* Fontisto.ttf */; };
		4529B8DA2E65439B925BB017 /* FontAwesome5_Solid.ttf in Resources */ = {isa = PBXBuildFile; fileRef = 9E5CB730323C47D1B15FC5B0 /* FontAwesome5_Solid.ttf */; };
		665D82B6A77548B6B32D7699 /* FontAwesome.ttf in Resources */ = {isa = PBXBuildFile; fileRef = 88FD7F97B083448D8F27D5F2 /* FontAwesome.ttf */; };
		702385A557324FD792D5EC66 /* Zocial.ttf in Resources */ = {isa = PBXBuildFile; fileRef = 5FA87AEF26E44A09B588D3EB /* Zocial.ttf */; };
		7185241B0A0D44019CB2625E /* Outfit-Regular.ttf in Resources */ = {isa = PBXBuildFile; fileRef = B8A293F97DD14CFEB992AAB3 /* Outfit-Regular.ttf */; };
		81AB9BB82411601600AC10FF /* LaunchScreen.storyboard in Resources */ = {isa = PBXBuildFile; fileRef = 81AB9BB72411601600AC10FF /* LaunchScreen.storyboard */; };
		85A4C6D740544FB39055D2AE /* Outfit-SemiBold.ttf in Resources */ = {isa = PBXBuildFile; fileRef = 5AF9A88CEB1D4EF3A962CFA5 /* Outfit-SemiBold.ttf */; };
		8941F0D8C62FE1A3AB2C87E0 /* libPods-AceCredit.a in Frameworks */ = {isa = PBXBuildFile; fileRef = 3D8ABDAFB6E515C1291B10A3 /* libPods-AceCredit.a */; };
		9280E00F99A245CE9A134C25 /* SimpleLineIcons.ttf in Resources */ = {isa = PBXBuildFile; fileRef = 7748C97A2F4F4A7AB256DAD0 /* SimpleLineIcons.ttf */; };
		94C044A1737445FEAE019473 /* Outfit-Medium.ttf in Resources */ = {isa = PBXBuildFile; fileRef = F69337A01296416A8EB292E3 /* Outfit-Medium.ttf */; };
		B3C0C2721492CAA7ADA01C83 /* ExpoModulesProvider.swift in Sources */ = {isa = PBXBuildFile; fileRef = 8264ADDCC5A6A5A2A8C47A0D /* ExpoModulesProvider.swift */; };
		B4D62466E6C84AE19A8E9B95 /* Ionicons.ttf in Resources */ = {isa = PBXBuildFile; fileRef = 2AA89810890D4DBDAE7DB135 /* Ionicons.ttf */; };
		BF2B259527DCD7AE00489FAC /* Fontisto.ttf in Resources */ = {isa = PBXBuildFile; fileRef = BF2B258527DCD7AE00489FAC /* Fontisto.ttf */; };
		BF2B259627DCD7AE00489FAC /* Octicons.ttf in Resources */ = {isa = PBXBuildFile; fileRef = BF2B258627DCD7AE00489FAC /* Octicons.ttf */; };
		BF2B259727DCD7AE00489FAC /* Feather.ttf in Resources */ = {isa = PBXBuildFile; fileRef = BF2B258727DCD7AE00489FAC /* Feather.ttf */; };
		BF2B259827DCD7AE00489FAC /* Entypo.ttf in Resources */ = {isa = PBXBuildFile; fileRef = BF2B258827DCD7AE00489FAC /* Entypo.ttf */; };
		BF2B259927DCD7AE00489FAC /* FontAwesome5_Brands.ttf in Resources */ = {isa = PBXBuildFile; fileRef = BF2B258927DCD7AE00489FAC /* FontAwesome5_Brands.ttf */; };
		BF2B259A27DCD7AE00489FAC /* MaterialCommunityIcons.ttf in Resources */ = {isa = PBXBuildFile; fileRef = BF2B258A27DCD7AE00489FAC /* MaterialCommunityIcons.ttf */; };
		BF2B259B27DCD7AE00489FAC /* AntDesign.ttf in Resources */ = {isa = PBXBuildFile; fileRef = BF2B258B27DCD7AE00489FAC /* AntDesign.ttf */; };
		BF2B259C27DCD7AE00489FAC /* Foundation.ttf in Resources */ = {isa = PBXBuildFile; fileRef = BF2B258C27DCD7AE00489FAC /* Foundation.ttf */; };
		BF2B259D27DCD7AE00489FAC /* Ionicons.ttf in Resources */ = {isa = PBXBuildFile; fileRef = BF2B258D27DCD7AE00489FAC /* Ionicons.ttf */; };
		BF2B259F27DCD7AE00489FAC /* FontAwesome5_Regular.ttf in Resources */ = {isa = PBXBuildFile; fileRef = BF2B258F27DCD7AE00489FAC /* FontAwesome5_Regular.ttf */; };
		BF2B25A027DCD7AE00489FAC /* FontAwesome.ttf in Resources */ = {isa = PBXBuildFile; fileRef = BF2B259027DCD7AE00489FAC /* FontAwesome.ttf */; };
		BF2B25A127DCD7AE00489FAC /* Zocial.ttf in Resources */ = {isa = PBXBuildFile; fileRef = BF2B259127DCD7AE00489FAC /* Zocial.ttf */; };
		BF2B25A227DCD7AE00489FAC /* EvilIcons.ttf in Resources */ = {isa = PBXBuildFile; fileRef = BF2B259227DCD7AE00489FAC /* EvilIcons.ttf */; };
		BF2B25A327DCD7AE00489FAC /* SimpleLineIcons.ttf in Resources */ = {isa = PBXBuildFile; fileRef = BF2B259327DCD7AE00489FAC /* SimpleLineIcons.ttf */; };
		BF2B25A427DCD7AE00489FAC /* MaterialIcons.ttf in Resources */ = {isa = PBXBuildFile; fileRef = BF2B259427DCD7AE00489FAC /* MaterialIcons.ttf */; };
		BF712A4927E0869800FC56C3 /* Outfit-Bold.ttf in Resources */ = {isa = PBXBuildFile; fileRef = BF712A4827E0869800FC56C3 /* Outfit-Bold.ttf */; };
		C64A532CA0A0464081BD5B95 /* AntDesign.ttf in Resources */ = {isa = PBXBuildFile; fileRef = 42485CE3ACBC455F9842CD13 /* AntDesign.ttf */; };
		CABDAE61F83348BBA1945E3B /* MaterialCommunityIcons.ttf in Resources */ = {isa = PBXBuildFile; fileRef = 106C381992B94AD9978D935C /* MaterialCommunityIcons.ttf */; };
		DFA78502356344B3ACEDD121 /* Octicons.ttf in Resources */ = {isa = PBXBuildFile; fileRef = A5993FE35AED49BF92B4E224 /* Octicons.ttf */; };
		EAF2601552584FCAA6DE0491 /* Foundation.ttf in Resources */ = {isa = PBXBuildFile; fileRef = AD638B799977487593BBC9EA /* Foundation.ttf */; };
		EDAA3DAB910ADEF443A1AF0B /* ExpoModulesProvider.swift in Sources */ = {isa = PBXBuildFile; fileRef = 379902093C5572499B9AE7A8 /* ExpoModulesProvider.swift */; };
		F168DCB8A9EA4D06BB6E4314 /* EvilIcons.ttf in Resources */ = {isa = PBXBuildFile; fileRef = FC2F7A52002D4E6885405874 /* EvilIcons.ttf */; };
/* End PBXBuildFile section */

/* Begin PBXContainerItemProxy section */
		00E356F41AD99517003FC87E /* PBXContainerItemProxy */ = {
			isa = PBXContainerItemProxy;
			containerPortal = 83CBB9F71A601CBA00E9B192 /* Project object */;
			proxyType = 1;
			remoteGlobalIDString = 13B07F861A680F5B00A75B9A;
			remoteInfo = AceCredit;
		};
/* End PBXContainerItemProxy section */

/* Begin PBXFileReference section */
		00E356EE1AD99517003FC87E /* AceCreditTests.xctest */ = {isa = PBXFileReference; explicitFileType = wrapper.cfbundle; includeInIndex = 0; path = AceCreditTests.xctest; sourceTree = BUILT_PRODUCTS_DIR; };
		00E356F11AD99517003FC87E /* Info.plist */ = {isa = PBXFileReference; lastKnownFileType = text.plist.xml; path = Info.plist; sourceTree = "<group>"; };
		00E356F21AD99517003FC87E /* AceCreditTests.m */ = {isa = PBXFileReference; lastKnownFileType = sourcecode.c.objc; path = AceCreditTests.m; sourceTree = "<group>"; };
		106C381992B94AD9978D935C /* MaterialCommunityIcons.ttf */ = {isa = PBXFileReference; explicitFileType = undefined; fileEncoding = 9; includeInIndex = 0; lastKnownFileType = unknown; name = MaterialCommunityIcons.ttf; path = "../node_modules/react-native-vector-icons/Fonts/MaterialCommunityIcons.ttf"; sourceTree = "<group>"; };
		13B07F961A680F5B00A75B9A /* AceCredit.app */ = {isa = PBXFileReference; explicitFileType = wrapper.application; includeInIndex = 0; path = AceCredit.app; sourceTree = BUILT_PRODUCTS_DIR; };
		13B07FAF1A68108700A75B9A /* AppDelegate.h */ = {isa = PBXFileReference; fileEncoding = 4; lastKnownFileType = sourcecode.c.h; name = AppDelegate.h; path = AceCredit/AppDelegate.h; sourceTree = "<group>"; };
		13B07FB01A68108700A75B9A /* AppDelegate.m */ = {isa = PBXFileReference; fileEncoding = 4; lastKnownFileType = sourcecode.c.objc; name = AppDelegate.m; path = AceCredit/AppDelegate.m; sourceTree = "<group>"; };
		13B07FB51A68108700A75B9A /* Images.xcassets */ = {isa = PBXFileReference; lastKnownFileType = folder.assetcatalog; name = Images.xcassets; path = AceCredit/Images.xcassets; sourceTree = "<group>"; };
		13B07FB61A68108700A75B9A /* Info.plist */ = {isa = PBXFileReference; fileEncoding = 4; lastKnownFileType = text.plist.xml; name = Info.plist; path = AceCredit/Info.plist; sourceTree = "<group>"; };
		13B07FB71A68108700A75B9A /* main.m */ = {isa = PBXFileReference; fileEncoding = 4; lastKnownFileType = sourcecode.c.objc; name = main.m; path = AceCredit/main.m; sourceTree = "<group>"; };
		2AA89810890D4DBDAE7DB135 /* Ionicons.ttf */ = {isa = PBXFileReference; explicitFileType = undefined; fileEncoding = 9; includeInIndex = 0; lastKnownFileType = unknown; name = Ionicons.ttf; path = "../node_modules/react-native-vector-icons/Fonts/Ionicons.ttf"; sourceTree = "<group>"; };
		379902093C5572499B9AE7A8 /* ExpoModulesProvider.swift */ = {isa = PBXFileReference; includeInIndex = 1; lastKnownFileType = sourcecode.swift; name = ExpoModulesProvider.swift; path = "Pods/Target Support Files/Pods-AceCredit-AceCreditTests/ExpoModulesProvider.swift"; sourceTree = "<group>"; };
		3A189C86143747539FEA87A9 /* FontAwesome5_Brands.ttf */ = {isa = PBXFileReference; explicitFileType = undefined; fileEncoding = 9; includeInIndex = 0; lastKnownFileType = unknown; name = FontAwesome5_Brands.ttf; path = "../node_modules/react-native-vector-icons/Fonts/FontAwesome5_Brands.ttf"; sourceTree = "<group>"; };
		3D8ABDAFB6E515C1291B10A3 /* libPods-AceCredit.a */ = {isa = PBXFileReference; explicitFileType = archive.ar; includeInIndex = 0; path = "libPods-AceCredit.a"; sourceTree = BUILT_PRODUCTS_DIR; };
		42485CE3ACBC455F9842CD13 /* AntDesign.ttf */ = {isa = PBXFileReference; explicitFileType = undefined; fileEncoding = 9; includeInIndex = 0; lastKnownFileType = unknown; name = AntDesign.ttf; path = "../node_modules/react-native-vector-icons/Fonts/AntDesign.ttf"; sourceTree = "<group>"; };
		439838D6E5B241DC90F0504A /* Entypo.ttf */ = {isa = PBXFileReference; explicitFileType = undefined; fileEncoding = 9; includeInIndex = 0; lastKnownFileType = unknown; name = Entypo.ttf; path = "../node_modules/react-native-vector-icons/Fonts/Entypo.ttf"; sourceTree = "<group>"; };
		4E3856B6AA0A42EF9112DA2C /* MaterialIcons.ttf */ = {isa = PBXFileReference; explicitFileType = undefined; fileEncoding = 9; includeInIndex = 0; lastKnownFileType = unknown; name = MaterialIcons.ttf; path = "../node_modules/react-native-vector-icons/Fonts/MaterialIcons.ttf"; sourceTree = "<group>"; };
		54712934CEA9468BA1784F4E /* FontAwesome5_Regular.ttf */ = {isa = PBXFileReference; explicitFileType = undefined; fileEncoding = 9; includeInIndex = 0; lastKnownFileType = unknown; name = FontAwesome5_Regular.ttf; path = "../node_modules/react-native-vector-icons/Fonts/FontAwesome5_Regular.ttf"; sourceTree = "<group>"; };
		5AF9A88CEB1D4EF3A962CFA5 /* Outfit-SemiBold.ttf */ = {isa = PBXFileReference; explicitFileType = undefined; fileEncoding = 9; includeInIndex = 0; lastKnownFileType = unknown; name = "Outfit-SemiBold.ttf"; path = "../assets/fonts/Outfit-SemiBold.ttf"; sourceTree = "<group>"; };
		5FA87AEF26E44A09B588D3EB /* Zocial.ttf */ = {isa = PBXFileReference; explicitFileType = undefined; fileEncoding = 9; includeInIndex = 0; lastKnownFileType = unknown; name = Zocial.ttf; path = "../node_modules/react-native-vector-icons/Fonts/Zocial.ttf"; sourceTree = "<group>"; };
		67352DFCE76F446ED7484134 /* libPods-AceCredit-AceCreditTests.a */ = {isa = PBXFileReference; explicitFileType = archive.ar; includeInIndex = 0; path = "libPods-AceCredit-AceCreditTests.a"; sourceTree = BUILT_PRODUCTS_DIR; };
		6CF6EEF4F3354444B8F8FE33 /* Fontisto.ttf */ = {isa = PBXFileReference; explicitFileType = undefined; fileEncoding = 9; includeInIndex = 0; lastKnownFileType = unknown; name = Fontisto.ttf; path = "../node_modules/react-native-vector-icons/Fonts/Fontisto.ttf"; sourceTree = "<group>"; };
		7748C97A2F4F4A7AB256DAD0 /* SimpleLineIcons.ttf */ = {isa = PBXFileReference; explicitFileType = undefined; fileEncoding = 9; includeInIndex = 0; lastKnownFileType = unknown; name = SimpleLineIcons.ttf; path = "../node_modules/react-native-vector-icons/Fonts/SimpleLineIcons.ttf"; sourceTree = "<group>"; };
		81AB9BB72411601600AC10FF /* LaunchScreen.storyboard */ = {isa = PBXFileReference; fileEncoding = 4; lastKnownFileType = file.storyboard; name = LaunchScreen.storyboard; path = AceCredit/LaunchScreen.storyboard; sourceTree = "<group>"; };
		8264ADDCC5A6A5A2A8C47A0D /* ExpoModulesProvider.swift */ = {isa = PBXFileReference; includeInIndex = 1; lastKnownFileType = sourcecode.swift; name = ExpoModulesProvider.swift; path = "Pods/Target Support Files/Pods-AceCredit/ExpoModulesProvider.swift"; sourceTree = "<group>"; };
		88FD7F97B083448D8F27D5F2 /* FontAwesome.ttf */ = {isa = PBXFileReference; explicitFileType = undefined; fileEncoding = 9; includeInIndex = 0; lastKnownFileType = unknown; name = FontAwesome.ttf; path = "../node_modules/react-native-vector-icons/Fonts/FontAwesome.ttf"; sourceTree = "<group>"; };
		91A01ECF445D486B0E4A5769 /* Pods-AceCredit-AceCreditTests.release.xcconfig */ = {isa = PBXFileReference; includeInIndex = 1; lastKnownFileType = text.xcconfig; name = "Pods-AceCredit-AceCreditTests.release.xcconfig"; path = "Target Support Files/Pods-AceCredit-AceCreditTests/Pods-AceCredit-AceCreditTests.release.xcconfig"; sourceTree = "<group>"; };
		9E5CB730323C47D1B15FC5B0 /* FontAwesome5_Solid.ttf */ = {isa = PBXFileReference; explicitFileType = undefined; fileEncoding = 9; includeInIndex = 0; lastKnownFileType = unknown; name = FontAwesome5_Solid.ttf; path = "../node_modules/react-native-vector-icons/Fonts/FontAwesome5_Solid.ttf"; sourceTree = "<group>"; };
		A5993FE35AED49BF92B4E224 /* Octicons.ttf */ = {isa = PBXFileReference; explicitFileType = undefined; fileEncoding = 9; includeInIndex = 0; lastKnownFileType = unknown; name = Octicons.ttf; path = "../node_modules/react-native-vector-icons/Fonts/Octicons.ttf"; sourceTree = "<group>"; };
		AD638B799977487593BBC9EA /* Foundation.ttf */ = {isa = PBXFileReference; explicitFileType = undefined; fileEncoding = 9; includeInIndex = 0; lastKnownFileType = unknown; name = Foundation.ttf; path = "../node_modules/react-native-vector-icons/Fonts/Foundation.ttf"; sourceTree = "<group>"; };
		AFDDEB848A2B7DE8139A12B6 /* Pods-AceCredit-AceCreditTests.debug.xcconfig */ = {isa = PBXFileReference; includeInIndex = 1; lastKnownFileType = text.xcconfig; name = "Pods-AceCredit-AceCreditTests.debug.xcconfig"; path = "Target Support Files/Pods-AceCredit-AceCreditTests/Pods-AceCredit-AceCreditTests.debug.xcconfig"; sourceTree = "<group>"; };
		B8A293F97DD14CFEB992AAB3 /* Outfit-Regular.ttf */ = {isa = PBXFileReference; explicitFileType = undefined; fileEncoding = 9; includeInIndex = 0; lastKnownFileType = unknown; name = "Outfit-Regular.ttf"; path = "../assets/fonts/Outfit-Regular.ttf"; sourceTree = "<group>"; };
		BF2B258527DCD7AE00489FAC /* Fontisto.ttf */ = {isa = PBXFileReference; lastKnownFileType = file; path = Fontisto.ttf; sourceTree = "<group>"; };
		BF2B258627DCD7AE00489FAC /* Octicons.ttf */ = {isa = PBXFileReference; lastKnownFileType = file; path = Octicons.ttf; sourceTree = "<group>"; };
		BF2B258727DCD7AE00489FAC /* Feather.ttf */ = {isa = PBXFileReference; lastKnownFileType = file; path = Feather.ttf; sourceTree = "<group>"; };
		BF2B258827DCD7AE00489FAC /* Entypo.ttf */ = {isa = PBXFileReference; lastKnownFileType = file; path = Entypo.ttf; sourceTree = "<group>"; };
		BF2B258927DCD7AE00489FAC /* FontAwesome5_Brands.ttf */ = {isa = PBXFileReference; lastKnownFileType = file; path = FontAwesome5_Brands.ttf; sourceTree = "<group>"; };
		BF2B258A27DCD7AE00489FAC /* MaterialCommunityIcons.ttf */ = {isa = PBXFileReference; lastKnownFileType = file; path = MaterialCommunityIcons.ttf; sourceTree = "<group>"; };
		BF2B258B27DCD7AE00489FAC /* AntDesign.ttf */ = {isa = PBXFileReference; lastKnownFileType = file; path = AntDesign.ttf; sourceTree = "<group>"; };
		BF2B258C27DCD7AE00489FAC /* Foundation.ttf */ = {isa = PBXFileReference; lastKnownFileType = file; path = Foundation.ttf; sourceTree = "<group>"; };
		BF2B258D27DCD7AE00489FAC /* Ionicons.ttf */ = {isa = PBXFileReference; lastKnownFileType = file; path = Ionicons.ttf; sourceTree = "<group>"; };
		BF2B258E27DCD7AE00489FAC /* FontAwesome5_Solid.ttf */ = {isa = PBXFileReference; lastKnownFileType = file; path = FontAwesome5_Solid.ttf; sourceTree = "<group>"; };
		BF2B258F27DCD7AE00489FAC /* FontAwesome5_Regular.ttf */ = {isa = PBXFileReference; lastKnownFileType = file; path = FontAwesome5_Regular.ttf; sourceTree = "<group>"; };
		BF2B259027DCD7AE00489FAC /* FontAwesome.ttf */ = {isa = PBXFileReference; lastKnownFileType = file; path = FontAwesome.ttf; sourceTree = "<group>"; };
		BF2B259127DCD7AE00489FAC /* Zocial.ttf */ = {isa = PBXFileReference; lastKnownFileType = file; path = Zocial.ttf; sourceTree = "<group>"; };
		BF2B259227DCD7AE00489FAC /* EvilIcons.ttf */ = {isa = PBXFileReference; lastKnownFileType = file; path = EvilIcons.ttf; sourceTree = "<group>"; };
		BF2B259327DCD7AE00489FAC /* SimpleLineIcons.ttf */ = {isa = PBXFileReference; lastKnownFileType = file; path = SimpleLineIcons.ttf; sourceTree = "<group>"; };
		BF2B259427DCD7AE00489FAC /* MaterialIcons.ttf */ = {isa = PBXFileReference; lastKnownFileType = file; path = MaterialIcons.ttf; sourceTree = "<group>"; };
		BF712A4827E0869800FC56C3 /* Outfit-Bold.ttf */ = {isa = PBXFileReference; lastKnownFileType = file; name = "Outfit-Bold.ttf"; path = "../assets/fonts/Outfit-Bold.ttf"; sourceTree = "<group>"; };
		BFEF46B6281451DF00240E53 /* AceCredit.entitlements */ = {isa = PBXFileReference; lastKnownFileType = text.plist.entitlements; name = AceCredit.entitlements; path = AceCredit/AceCredit.entitlements; sourceTree = "<group>"; };
		D2C11948877B31E5ACBD84D3 /* Pods-AceCredit.release.xcconfig */ = {isa = PBXFileReference; includeInIndex = 1; lastKnownFileType = text.xcconfig; name = "Pods-AceCredit.release.xcconfig"; path = "Target Support Files/Pods-AceCredit/Pods-AceCredit.release.xcconfig"; sourceTree = "<group>"; };
		E31EE39570946443813B49E2 /* Pods-AceCredit.debug.xcconfig */ = {isa = PBXFileReference; includeInIndex = 1; lastKnownFileType = text.xcconfig; name = "Pods-AceCredit.debug.xcconfig"; path = "Target Support Files/Pods-AceCredit/Pods-AceCredit.debug.xcconfig"; sourceTree = "<group>"; };
		ED297162215061F000B7C4FE /* JavaScriptCore.framework */ = {isa = PBXFileReference; lastKnownFileType = wrapper.framework; name = JavaScriptCore.framework; path = System/Library/Frameworks/JavaScriptCore.framework; sourceTree = SDKROOT; };
		F69337A01296416A8EB292E3 /* Outfit-Medium.ttf */ = {isa = PBXFileReference; explicitFileType = undefined; fileEncoding = 9; includeInIndex = 0; lastKnownFileType = unknown; name = "Outfit-Medium.ttf"; path = "../assets/fonts/Outfit-Medium.ttf"; sourceTree = "<group>"; };
		F819B6840E1648699547971C /* Feather.ttf */ = {isa = PBXFileReference; explicitFileType = undefined; fileEncoding = 9; includeInIndex = 0; lastKnownFileType = unknown; name = Feather.ttf; path = "../node_modules/react-native-vector-icons/Fonts/Feather.ttf"; sourceTree = "<group>"; };
		FC2F7A52002D4E6885405874 /* EvilIcons.ttf */ = {isa = PBXFileReference; explicitFileType = undefined; fileEncoding = 9; includeInIndex = 0; lastKnownFileType = unknown; name = EvilIcons.ttf; path = "../node_modules/react-native-vector-icons/Fonts/EvilIcons.ttf"; sourceTree = "<group>"; };
/* End PBXFileReference section */

/* Begin PBXFrameworksBuildPhase section */
		00E356EB1AD99517003FC87E /* Frameworks */ = {
			isa = PBXFrameworksBuildPhase;
			buildActionMask = 2147483647;
			files = (
				2349A983DB4C35076DED3999 /* libPods-AceCredit-AceCreditTests.a in Frameworks */,
			);
			runOnlyForDeploymentPostprocessing = 0;
		};
		13B07F8C1A680F5B00A75B9A /* Frameworks */ = {
			isa = PBXFrameworksBuildPhase;
			buildActionMask = 2147483647;
			files = (
				8941F0D8C62FE1A3AB2C87E0 /* libPods-AceCredit.a in Frameworks */,
			);
			runOnlyForDeploymentPostprocessing = 0;
		};
/* End PBXFrameworksBuildPhase section */

/* Begin PBXGroup section */
		00E356EF1AD99517003FC87E /* AceCreditTests */ = {
			isa = PBXGroup;
			children = (
				00E356F21AD99517003FC87E /* AceCreditTests.m */,
				00E356F01AD99517003FC87E /* Supporting Files */,
			);
			path = AceCreditTests;
			sourceTree = "<group>";
		};
		00E356F01AD99517003FC87E /* Supporting Files */ = {
			isa = PBXGroup;
			children = (
				00E356F11AD99517003FC87E /* Info.plist */,
			);
			name = "Supporting Files";
			sourceTree = "<group>";
		};
		13B07FAE1A68108700A75B9A /* AceCredit */ = {
			isa = PBXGroup;
			children = (
				BFEF46B6281451DF00240E53 /* AceCredit.entitlements */,
				BF2B258427DCD7AE00489FAC /* Fonts */,
				13B07FAF1A68108700A75B9A /* AppDelegate.h */,
				13B07FB01A68108700A75B9A /* AppDelegate.m */,
				13B07FB51A68108700A75B9A /* Images.xcassets */,
				13B07FB61A68108700A75B9A /* Info.plist */,
				81AB9BB72411601600AC10FF /* LaunchScreen.storyboard */,
				13B07FB71A68108700A75B9A /* main.m */,
			);
			name = AceCredit;
			sourceTree = "<group>";
		};
		2D16E6871FA4F8E400B85C8A /* Frameworks */ = {
			isa = PBXGroup;
			children = (
				ED297162215061F000B7C4FE /* JavaScriptCore.framework */,
				3D8ABDAFB6E515C1291B10A3 /* libPods-AceCredit.a */,
				67352DFCE76F446ED7484134 /* libPods-AceCredit-AceCreditTests.a */,
			);
			name = Frameworks;
			sourceTree = "<group>";
		};
		832341AE1AAA6A7D00B99B32 /* Libraries */ = {
			isa = PBXGroup;
			children = (
			);
			name = Libraries;
			sourceTree = "<group>";
		};
		83CBB9F61A601CBA00E9B192 = {
			isa = PBXGroup;
			children = (
				13B07FAE1A68108700A75B9A /* AceCredit */,
				832341AE1AAA6A7D00B99B32 /* Libraries */,
				00E356EF1AD99517003FC87E /* AceCreditTests */,
				83CBBA001A601CBA00E9B192 /* Products */,
				2D16E6871FA4F8E400B85C8A /* Frameworks */,
				F932F05A202CDFBCC4E0A807 /* Pods */,
				FF1ABC6DC0A54700879101BD /* Resources */,
				C0E519E9DF788491E11E7FCB /* ExpoModulesProviders */,
			);
			indentWidth = 2;
			sourceTree = "<group>";
			tabWidth = 2;
			usesTabs = 0;
		};
		83CBBA001A601CBA00E9B192 /* Products */ = {
			isa = PBXGroup;
			children = (
				13B07F961A680F5B00A75B9A /* AceCredit.app */,
				00E356EE1AD99517003FC87E /* AceCreditTests.xctest */,
			);
			name = Products;
			sourceTree = "<group>";
		};
		9A7BF9C30717744DCE9B7179 /* AceCredit */ = {
			isa = PBXGroup;
			children = (
				8264ADDCC5A6A5A2A8C47A0D /* ExpoModulesProvider.swift */,
			);
			name = AceCredit;
			sourceTree = "<group>";
		};
		BF2B258427DCD7AE00489FAC /* Fonts */ = {
			isa = PBXGroup;
			children = (
				BF2B258527DCD7AE00489FAC /* Fontisto.ttf */,
				BF2B258627DCD7AE00489FAC /* Octicons.ttf */,
				BF2B258727DCD7AE00489FAC /* Feather.ttf */,
				BF2B258827DCD7AE00489FAC /* Entypo.ttf */,
				BF2B258927DCD7AE00489FAC /* FontAwesome5_Brands.ttf */,
				BF2B258A27DCD7AE00489FAC /* MaterialCommunityIcons.ttf */,
				BF2B258B27DCD7AE00489FAC /* AntDesign.ttf */,
				BF2B258C27DCD7AE00489FAC /* Foundation.ttf */,
				BF2B258D27DCD7AE00489FAC /* Ionicons.ttf */,
				BF2B258E27DCD7AE00489FAC /* FontAwesome5_Solid.ttf */,
				BF2B258F27DCD7AE00489FAC /* FontAwesome5_Regular.ttf */,
				BF2B259027DCD7AE00489FAC /* FontAwesome.ttf */,
				BF2B259127DCD7AE00489FAC /* Zocial.ttf */,
				BF2B259227DCD7AE00489FAC /* EvilIcons.ttf */,
				BF2B259327DCD7AE00489FAC /* SimpleLineIcons.ttf */,
				BF2B259427DCD7AE00489FAC /* MaterialIcons.ttf */,
			);
			name = Fonts;
			path = "../node_modules/react-native-vector-icons/Fonts";
			sourceTree = "<group>";
		};
		C0E519E9DF788491E11E7FCB /* ExpoModulesProviders */ = {
			isa = PBXGroup;
			children = (
				9A7BF9C30717744DCE9B7179 /* AceCredit */,
				F1B13B0DDAB4B28561A60004 /* AceCreditTests */,
			);
			name = ExpoModulesProviders;
			sourceTree = "<group>";
		};
		F1B13B0DDAB4B28561A60004 /* AceCreditTests */ = {
			isa = PBXGroup;
			children = (
				379902093C5572499B9AE7A8 /* ExpoModulesProvider.swift */,
			);
			name = AceCreditTests;
			sourceTree = "<group>";
		};
		F932F05A202CDFBCC4E0A807 /* Pods */ = {
			isa = PBXGroup;
			children = (
				E31EE39570946443813B49E2 /* Pods-AceCredit.debug.xcconfig */,
				D2C11948877B31E5ACBD84D3 /* Pods-AceCredit.release.xcconfig */,
				AFDDEB848A2B7DE8139A12B6 /* Pods-AceCredit-AceCreditTests.debug.xcconfig */,
				91A01ECF445D486B0E4A5769 /* Pods-AceCredit-AceCreditTests.release.xcconfig */,
			);
			path = Pods;
			sourceTree = "<group>";
		};
		FF1ABC6DC0A54700879101BD /* Resources */ = {
			isa = PBXGroup;
			children = (
				BF712A4827E0869800FC56C3 /* Outfit-Bold.ttf */,
				F69337A01296416A8EB292E3 /* Outfit-Medium.ttf */,
				B8A293F97DD14CFEB992AAB3 /* Outfit-Regular.ttf */,
				5AF9A88CEB1D4EF3A962CFA5 /* Outfit-SemiBold.ttf */,
				42485CE3ACBC455F9842CD13 /* AntDesign.ttf */,
				439838D6E5B241DC90F0504A /* Entypo.ttf */,
				FC2F7A52002D4E6885405874 /* EvilIcons.ttf */,
				F819B6840E1648699547971C /* Feather.ttf */,
				88FD7F97B083448D8F27D5F2 /* FontAwesome.ttf */,
				3A189C86143747539FEA87A9 /* FontAwesome5_Brands.ttf */,
				54712934CEA9468BA1784F4E /* FontAwesome5_Regular.ttf */,
				9E5CB730323C47D1B15FC5B0 /* FontAwesome5_Solid.ttf */,
				6CF6EEF4F3354444B8F8FE33 /* Fontisto.ttf */,
				AD638B799977487593BBC9EA /* Foundation.ttf */,
				2AA89810890D4DBDAE7DB135 /* Ionicons.ttf */,
				106C381992B94AD9978D935C /* MaterialCommunityIcons.ttf */,
				4E3856B6AA0A42EF9112DA2C /* MaterialIcons.ttf */,
				A5993FE35AED49BF92B4E224 /* Octicons.ttf */,
				7748C97A2F4F4A7AB256DAD0 /* SimpleLineIcons.ttf */,
				5FA87AEF26E44A09B588D3EB /* Zocial.ttf */,
			);
			name = Resources;
			sourceTree = "<group>";
		};
/* End PBXGroup section */

/* Begin PBXNativeTarget section */
		00E356ED1AD99517003FC87E /* AceCreditTests */ = {
			isa = PBXNativeTarget;
			buildConfigurationList = 00E357021AD99517003FC87E /* Build configuration list for PBXNativeTarget "AceCreditTests" */;
			buildPhases = (
				E8B54FD191C0C8EBE0CBF952 /* [CP] Check Pods Manifest.lock */,
				00E356EA1AD99517003FC87E /* Sources */,
				00E356EB1AD99517003FC87E /* Frameworks */,
				00E356EC1AD99517003FC87E /* Resources */,
				90DCFDD2DFD40EB4B22A802E /* [CP] Embed Pods Frameworks */,
				A23B0126141C6EB3E806D660 /* [CP] Copy Pods Resources */,
			);
			buildRules = (
			);
			dependencies = (
				00E356F51AD99517003FC87E /* PBXTargetDependency */,
			);
			name = AceCreditTests;
			productName = AceCreditTests;
			productReference = 00E356EE1AD99517003FC87E /* AceCreditTests.xctest */;
			productType = "com.apple.product-type.bundle.unit-test";
		};
		13B07F861A680F5B00A75B9A /* AceCredit */ = {
			isa = PBXNativeTarget;
			buildConfigurationList = 13B07F931A680F5B00A75B9A /* Build configuration list for PBXNativeTarget "AceCredit" */;
			buildPhases = (
				5E8186B5E6223EDE6AE9FE43 /* [CP] Check Pods Manifest.lock */,
				FD10A7F022414F080027D42C /* Start Packager */,
				13B07F871A680F5B00A75B9A /* Sources */,
				13B07F8C1A680F5B00A75B9A /* Frameworks */,
				13B07F8E1A680F5B00A75B9A /* Resources */,
				00DD1BFF1BD5951E006B06BC /* Bundle React Native code and images */,
				3041BC91A6257134A0EC33CF /* [CP] Embed Pods Frameworks */,
				B44F12938464BF5CE72D3046 /* [CP] Copy Pods Resources */,
			);
			buildRules = (
			);
			dependencies = (
			);
			name = AceCredit;
			productName = AceCredit;
			productReference = 13B07F961A680F5B00A75B9A /* AceCredit.app */;
			productType = "com.apple.product-type.application";
		};
/* End PBXNativeTarget section */

/* Begin PBXProject section */
		83CBB9F71A601CBA00E9B192 /* Project object */ = {
			isa = PBXProject;
			attributes = {
				LastUpgradeCheck = 1210;
				TargetAttributes = {
					00E356ED1AD99517003FC87E = {
						CreatedOnToolsVersion = 6.2;
						TestTargetID = 13B07F861A680F5B00A75B9A;
					};
					13B07F861A680F5B00A75B9A = {
						LastSwiftMigration = 1120;
					};
				};
			};
			buildConfigurationList = 83CBB9FA1A601CBA00E9B192 /* Build configuration list for PBXProject "AceCredit" */;
			compatibilityVersion = "Xcode 12.0";
			developmentRegion = en;
			hasScannedForEncodings = 0;
			knownRegions = (
				en,
				Base,
			);
			mainGroup = 83CBB9F61A601CBA00E9B192;
			productRefGroup = 83CBBA001A601CBA00E9B192 /* Products */;
			projectDirPath = "";
			projectRoot = "";
			targets = (
				13B07F861A680F5B00A75B9A /* AceCredit */,
				00E356ED1AD99517003FC87E /* AceCreditTests */,
			);
		};
/* End PBXProject section */

/* Begin PBXResourcesBuildPhase section */
		00E356EC1AD99517003FC87E /* Resources */ = {
			isa = PBXResourcesBuildPhase;
			buildActionMask = 2147483647;
			files = (
			);
			runOnlyForDeploymentPostprocessing = 0;
		};
		13B07F8E1A680F5B00A75B9A /* Resources */ = {
			isa = PBXResourcesBuildPhase;
			buildActionMask = 2147483647;
			files = (
				BF2B259527DCD7AE00489FAC /* Fontisto.ttf in Resources */,
				BF2B259F27DCD7AE00489FAC /* FontAwesome5_Regular.ttf in Resources */,
				BF2B259A27DCD7AE00489FAC /* MaterialCommunityIcons.ttf in Resources */,
				BF2B25A127DCD7AE00489FAC /* Zocial.ttf in Resources */,
				BF2B25A227DCD7AE00489FAC /* EvilIcons.ttf in Resources */,
				81AB9BB82411601600AC10FF /* LaunchScreen.storyboard in Resources */,
				13B07FBF1A68108700A75B9A /* Images.xcassets in Resources */,
				BF2B259627DCD7AE00489FAC /* Octicons.ttf in Resources */,
				94C044A1737445FEAE019473 /* Outfit-Medium.ttf in Resources */,
				BF2B259B27DCD7AE00489FAC /* AntDesign.ttf in Resources */,
				7185241B0A0D44019CB2625E /* Outfit-Regular.ttf in Resources */,
				BF2B259727DCD7AE00489FAC /* Feather.ttf in Resources */,
				BF712A4927E0869800FC56C3 /* Outfit-Bold.ttf in Resources */,
				BF2B259C27DCD7AE00489FAC /* Foundation.ttf in Resources */,
				BF2B259D27DCD7AE00489FAC /* Ionicons.ttf in Resources */,
				BF2B259827DCD7AE00489FAC /* Entypo.ttf in Resources */,
				85A4C6D740544FB39055D2AE /* Outfit-SemiBold.ttf in Resources */,
				BF2B25A327DCD7AE00489FAC /* SimpleLineIcons.ttf in Resources */,
				BF2B259927DCD7AE00489FAC /* FontAwesome5_Brands.ttf in Resources */,
				BF2B25A027DCD7AE00489FAC /* FontAwesome.ttf in Resources */,
				BF2B25A427DCD7AE00489FAC /* MaterialIcons.ttf in Resources */,
				C64A532CA0A0464081BD5B95 /* AntDesign.ttf in Resources */,
				2E53859D2AC749978F88C3C3 /* Entypo.ttf in Resources */,
				F168DCB8A9EA4D06BB6E4314 /* EvilIcons.ttf in Resources */,
				1503F4902ED04EBEB2461CAE /* Feather.ttf in Resources */,
				665D82B6A77548B6B32D7699 /* FontAwesome.ttf in Resources */,
				3A1E3B8A0BC24B7B90D23BE0 /* FontAwesome5_Brands.ttf in Resources */,
				1454C8D83DE6437CAB7BCDF1 /* FontAwesome5_Regular.ttf in Resources */,
				4529B8DA2E65439B925BB017 /* FontAwesome5_Solid.ttf in Resources */,
				44918C78FD00486F95BB65B3 /* Fontisto.ttf in Resources */,
				EAF2601552584FCAA6DE0491 /* Foundation.ttf in Resources */,
				B4D62466E6C84AE19A8E9B95 /* Ionicons.ttf in Resources */,
				CABDAE61F83348BBA1945E3B /* MaterialCommunityIcons.ttf in Resources */,
				0AA6CBCA0C97470C9CBE79F2 /* MaterialIcons.ttf in Resources */,
				DFA78502356344B3ACEDD121 /* Octicons.ttf in Resources */,
				9280E00F99A245CE9A134C25 /* SimpleLineIcons.ttf in Resources */,
				702385A557324FD792D5EC66 /* Zocial.ttf in Resources */,
			);
			runOnlyForDeploymentPostprocessing = 0;
		};
/* End PBXResourcesBuildPhase section */

/* Begin PBXShellScriptBuildPhase section */
		00DD1BFF1BD5951E006B06BC /* Bundle React Native code and images */ = {
			isa = PBXShellScriptBuildPhase;
			buildActionMask = 2147483647;
			files = (
			);
			inputPaths = (
			);
			name = "Bundle React Native code and images";
			outputPaths = (
			);
			runOnlyForDeploymentPostprocessing = 0;
			shellPath = /bin/sh;
			shellScript = "set -e\n\nexport NODE_BINARY=node\n../node_modules/react-native/scripts/react-native-xcode.sh\n";
		};
		3041BC91A6257134A0EC33CF /* [CP] Embed Pods Frameworks */ = {
			isa = PBXShellScriptBuildPhase;
			buildActionMask = 2147483647;
			files = (
			);
			inputFileListPaths = (
				"${PODS_ROOT}/Target Support Files/Pods-AceCredit/Pods-AceCredit-frameworks-${CONFIGURATION}-input-files.xcfilelist",
			);
			name = "[CP] Embed Pods Frameworks";
			outputFileListPaths = (
				"${PODS_ROOT}/Target Support Files/Pods-AceCredit/Pods-AceCredit-frameworks-${CONFIGURATION}-output-files.xcfilelist",
			);
			runOnlyForDeploymentPostprocessing = 0;
			shellPath = /bin/sh;
			shellScript = "\"${PODS_ROOT}/Target Support Files/Pods-AceCredit/Pods-AceCredit-frameworks.sh\"\n";
			showEnvVarsInLog = 0;
		};
		5E8186B5E6223EDE6AE9FE43 /* [CP] Check Pods Manifest.lock */ = {
			isa = PBXShellScriptBuildPhase;
			buildActionMask = 2147483647;
			files = (
			);
			inputFileListPaths = (
			);
			inputPaths = (
				"${PODS_PODFILE_DIR_PATH}/Podfile.lock",
				"${PODS_ROOT}/Manifest.lock",
			);
			name = "[CP] Check Pods Manifest.lock";
			outputFileListPaths = (
			);
			outputPaths = (
				"$(DERIVED_FILE_DIR)/Pods-AceCredit-checkManifestLockResult.txt",
			);
			runOnlyForDeploymentPostprocessing = 0;
			shellPath = /bin/sh;
			shellScript = "diff \"${PODS_PODFILE_DIR_PATH}/Podfile.lock\" \"${PODS_ROOT}/Manifest.lock\" > /dev/null\nif [ $? != 0 ] ; then\n    # print error to STDERR\n    echo \"error: The sandbox is not in sync with the Podfile.lock. Run 'pod install' or update your CocoaPods installation.\" >&2\n    exit 1\nfi\n# This output is used by Xcode 'outputs' to avoid re-running this script phase.\necho \"SUCCESS\" > \"${SCRIPT_OUTPUT_FILE_0}\"\n";
			showEnvVarsInLog = 0;
		};
		90DCFDD2DFD40EB4B22A802E /* [CP] Embed Pods Frameworks */ = {
			isa = PBXShellScriptBuildPhase;
			buildActionMask = 2147483647;
			files = (
			);
			inputFileListPaths = (
				"${PODS_ROOT}/Target Support Files/Pods-AceCredit-AceCreditTests/Pods-AceCredit-AceCreditTests-frameworks-${CONFIGURATION}-input-files.xcfilelist",
			);
			name = "[CP] Embed Pods Frameworks";
			outputFileListPaths = (
				"${PODS_ROOT}/Target Support Files/Pods-AceCredit-AceCreditTests/Pods-AceCredit-AceCreditTests-frameworks-${CONFIGURATION}-output-files.xcfilelist",
			);
			runOnlyForDeploymentPostprocessing = 0;
			shellPath = /bin/sh;
			shellScript = "\"${PODS_ROOT}/Target Support Files/Pods-AceCredit-AceCreditTests/Pods-AceCredit-AceCreditTests-frameworks.sh\"\n";
			showEnvVarsInLog = 0;
		};
		A23B0126141C6EB3E806D660 /* [CP] Copy Pods Resources */ = {
			isa = PBXShellScriptBuildPhase;
			buildActionMask = 2147483647;
			files = (
			);
			inputFileListPaths = (
				"${PODS_ROOT}/Target Support Files/Pods-AceCredit-AceCreditTests/Pods-AceCredit-AceCreditTests-resources-${CONFIGURATION}-input-files.xcfilelist",
			);
			name = "[CP] Copy Pods Resources";
			outputFileListPaths = (
				"${PODS_ROOT}/Target Support Files/Pods-AceCredit-AceCreditTests/Pods-AceCredit-AceCreditTests-resources-${CONFIGURATION}-output-files.xcfilelist",
			);
			runOnlyForDeploymentPostprocessing = 0;
			shellPath = /bin/sh;
			shellScript = "\"${PODS_ROOT}/Target Support Files/Pods-AceCredit-AceCreditTests/Pods-AceCredit-AceCreditTests-resources.sh\"\n";
			showEnvVarsInLog = 0;
		};
		B44F12938464BF5CE72D3046 /* [CP] Copy Pods Resources */ = {
			isa = PBXShellScriptBuildPhase;
			buildActionMask = 2147483647;
			files = (
			);
			inputFileListPaths = (
				"${PODS_ROOT}/Target Support Files/Pods-AceCredit/Pods-AceCredit-resources-${CONFIGURATION}-input-files.xcfilelist",
			);
			name = "[CP] Copy Pods Resources";
			outputFileListPaths = (
				"${PODS_ROOT}/Target Support Files/Pods-AceCredit/Pods-AceCredit-resources-${CONFIGURATION}-output-files.xcfilelist",
			);
			runOnlyForDeploymentPostprocessing = 0;
			shellPath = /bin/sh;
			shellScript = "\"${PODS_ROOT}/Target Support Files/Pods-AceCredit/Pods-AceCredit-resources.sh\"\n";
			showEnvVarsInLog = 0;
		};
		E8B54FD191C0C8EBE0CBF952 /* [CP] Check Pods Manifest.lock */ = {
			isa = PBXShellScriptBuildPhase;
			buildActionMask = 2147483647;
			files = (
			);
			inputFileListPaths = (
			);
			inputPaths = (
				"${PODS_PODFILE_DIR_PATH}/Podfile.lock",
				"${PODS_ROOT}/Manifest.lock",
			);
			name = "[CP] Check Pods Manifest.lock";
			outputFileListPaths = (
			);
			outputPaths = (
				"$(DERIVED_FILE_DIR)/Pods-AceCredit-AceCreditTests-checkManifestLockResult.txt",
			);
			runOnlyForDeploymentPostprocessing = 0;
			shellPath = /bin/sh;
			shellScript = "diff \"${PODS_PODFILE_DIR_PATH}/Podfile.lock\" \"${PODS_ROOT}/Manifest.lock\" > /dev/null\nif [ $? != 0 ] ; then\n    # print error to STDERR\n    echo \"error: The sandbox is not in sync with the Podfile.lock. Run 'pod install' or update your CocoaPods installation.\" >&2\n    exit 1\nfi\n# This output is used by Xcode 'outputs' to avoid re-running this script phase.\necho \"SUCCESS\" > \"${SCRIPT_OUTPUT_FILE_0}\"\n";
			showEnvVarsInLog = 0;
		};
		FD10A7F022414F080027D42C /* Start Packager */ = {
			isa = PBXShellScriptBuildPhase;
			buildActionMask = 2147483647;
			files = (
			);
			inputFileListPaths = (
			);
			inputPaths = (
			);
			name = "Start Packager";
			outputFileListPaths = (
			);
			outputPaths = (
			);
			runOnlyForDeploymentPostprocessing = 0;
			shellPath = /bin/sh;
			shellScript = "export RCT_METRO_PORT=\"${RCT_METRO_PORT:=8081}\"\necho \"export RCT_METRO_PORT=${RCT_METRO_PORT}\" > \"${SRCROOT}/../node_modules/react-native/scripts/.packager.env\"\nif [ -z \"${RCT_NO_LAUNCH_PACKAGER+xxx}\" ] ; then\n  if nc -w 5 -z localhost ${RCT_METRO_PORT} ; then\n    if ! curl -s \"http://localhost:${RCT_METRO_PORT}/status\" | grep -q \"packager-status:running\" ; then\n      echo \"Port ${RCT_METRO_PORT} already in use, packager is either not running or not running correctly\"\n      exit 2\n    fi\n  else\n    open \"$SRCROOT/../node_modules/react-native/scripts/launchPackager.command\" || echo \"Can't start packager automatically\"\n  fi\nfi\n";
			showEnvVarsInLog = 0;
		};
/* End PBXShellScriptBuildPhase section */

/* Begin PBXSourcesBuildPhase section */
		00E356EA1AD99517003FC87E /* Sources */ = {
			isa = PBXSourcesBuildPhase;
			buildActionMask = 2147483647;
			files = (
				00E356F31AD99517003FC87E /* AceCreditTests.m in Sources */,
				EDAA3DAB910ADEF443A1AF0B /* ExpoModulesProvider.swift in Sources */,
			);
			runOnlyForDeploymentPostprocessing = 0;
		};
		13B07F871A680F5B00A75B9A /* Sources */ = {
			isa = PBXSourcesBuildPhase;
			buildActionMask = 2147483647;
			files = (
				13B07FBC1A68108700A75B9A /* AppDelegate.m in Sources */,
				13B07FC11A68108700A75B9A /* main.m in Sources */,
				B3C0C2721492CAA7ADA01C83 /* ExpoModulesProvider.swift in Sources */,
			);
			runOnlyForDeploymentPostprocessing = 0;
		};
/* End PBXSourcesBuildPhase section */

/* Begin PBXTargetDependency section */
		00E356F51AD99517003FC87E /* PBXTargetDependency */ = {
			isa = PBXTargetDependency;
			target = 13B07F861A680F5B00A75B9A /* AceCredit */;
			targetProxy = 00E356F41AD99517003FC87E /* PBXContainerItemProxy */;
		};
/* End PBXTargetDependency section */

/* Begin XCBuildConfiguration section */
		00E356F61AD99517003FC87E /* Debug */ = {
			isa = XCBuildConfiguration;
			baseConfigurationReference = AFDDEB848A2B7DE8139A12B6 /* Pods-AceCredit-AceCreditTests.debug.xcconfig */;
			buildSettings = {
				BUNDLE_LOADER = "$(TEST_HOST)";
				GCC_PREPROCESSOR_DEFINITIONS = (
					"DEBUG=1",
					"$(inherited)",
				);
				INFOPLIST_FILE = AceCreditTests/Info.plist;
				IPHONEOS_DEPLOYMENT_TARGET = 12.0;
				LD_RUNPATH_SEARCH_PATHS = (
					"$(inherited)",
					"@executable_path/Frameworks",
					"@loader_path/Frameworks",
				);
				OTHER_LDFLAGS = (
					"-ObjC",
					"-lc++",
					"$(inherited)",
				);
				PRODUCT_BUNDLE_IDENTIFIER = "org.reactjs.native.example.$(PRODUCT_NAME:rfc1034identifier)";
				PRODUCT_NAME = "$(TARGET_NAME)";
				TEST_HOST = "$(BUILT_PRODUCTS_DIR)/AceCredit.app/AceCredit";
			};
			name = Debug;
		};
		00E356F71AD99517003FC87E /* Release */ = {
			isa = XCBuildConfiguration;
			baseConfigurationReference = 91A01ECF445D486B0E4A5769 /* Pods-AceCredit-AceCreditTests.release.xcconfig */;
			buildSettings = {
				BUNDLE_LOADER = "$(TEST_HOST)";
				COPY_PHASE_STRIP = NO;
				INFOPLIST_FILE = AceCreditTests/Info.plist;
				IPHONEOS_DEPLOYMENT_TARGET = 12.0;
				LD_RUNPATH_SEARCH_PATHS = (
					"$(inherited)",
					"@executable_path/Frameworks",
					"@loader_path/Frameworks",
				);
				OTHER_LDFLAGS = (
					"-ObjC",
					"-lc++",
					"$(inherited)",
				);
				PRODUCT_BUNDLE_IDENTIFIER = "org.reactjs.native.example.$(PRODUCT_NAME:rfc1034identifier)";
				PRODUCT_NAME = "$(TARGET_NAME)";
				TEST_HOST = "$(BUILT_PRODUCTS_DIR)/AceCredit.app/AceCredit";
			};
			name = Release;
		};
		13B07F941A680F5B00A75B9A /* Debug */ = {
			isa = XCBuildConfiguration;
			baseConfigurationReference = E31EE39570946443813B49E2 /* Pods-AceCredit.debug.xcconfig */;
			buildSettings = {
				ASSETCATALOG_COMPILER_APPICON_NAME = AppIcon;
				CLANG_ENABLE_MODULES = YES;
				CODE_SIGN_ENTITLEMENTS = AceCredit/AceCredit.entitlements;
				CURRENT_PROJECT_VERSION = 1;
				ENABLE_BITCODE = NO;
				INFOPLIST_FILE = AceCredit/Info.plist;
				LD_RUNPATH_SEARCH_PATHS = (
					"$(inherited)",
					"@executable_path/Frameworks",
				);
				OTHER_LDFLAGS = (
					"$(inherited)",
					"-ObjC",
					"-lc++",
				);
				PRODUCT_BUNDLE_IDENTIFIER = "org.reactjs.native.example.$(PRODUCT_NAME:rfc1034identifier)";
				PRODUCT_NAME = AceCredit;
				SWIFT_OPTIMIZATION_LEVEL = "-Onone";
				SWIFT_VERSION = 5.0;
				VERSIONING_SYSTEM = "apple-generic";
			};
			name = Debug;
		};
		13B07F951A680F5B00A75B9A /* Release */ = {
			isa = XCBuildConfiguration;
			baseConfigurationReference = D2C11948877B31E5ACBD84D3 /* Pods-AceCredit.release.xcconfig */;
			buildSettings = {
				ASSETCATALOG_COMPILER_APPICON_NAME = AppIcon;
				CLANG_ENABLE_MODULES = YES;
				CODE_SIGN_ENTITLEMENTS = AceCredit/AceCredit.entitlements;
				CURRENT_PROJECT_VERSION = 1;
				INFOPLIST_FILE = AceCredit/Info.plist;
				LD_RUNPATH_SEARCH_PATHS = (
					"$(inherited)",
					"@executable_path/Frameworks",
				);
				OTHER_LDFLAGS = (
					"$(inherited)",
					"-ObjC",
					"-lc++",
				);
				PRODUCT_BUNDLE_IDENTIFIER = "org.reactjs.native.example.$(PRODUCT_NAME:rfc1034identifier)";
				PRODUCT_NAME = AceCredit;
				SWIFT_VERSION = 5.0;
				VERSIONING_SYSTEM = "apple-generic";
			};
			name = Release;
		};
		83CBBA201A601CBA00E9B192 /* Debug */ = {
			isa = XCBuildConfiguration;
			buildSettings = {
				ALWAYS_SEARCH_USER_PATHS = NO;
				CLANG_ANALYZER_LOCALIZABILITY_NONLOCALIZED = YES;
				CLANG_CXX_LANGUAGE_STANDARD = "gnu++0x";
				CLANG_CXX_LIBRARY = "libc++";
				CLANG_ENABLE_MODULES = YES;
				CLANG_ENABLE_OBJC_ARC = YES;
				CLANG_WARN_BLOCK_CAPTURE_AUTORELEASING = YES;
				CLANG_WARN_BOOL_CONVERSION = YES;
				CLANG_WARN_COMMA = YES;
				CLANG_WARN_CONSTANT_CONVERSION = YES;
				CLANG_WARN_DEPRECATED_OBJC_IMPLEMENTATIONS = YES;
				CLANG_WARN_DIRECT_OBJC_ISA_USAGE = YES_ERROR;
				CLANG_WARN_EMPTY_BODY = YES;
				CLANG_WARN_ENUM_CONVERSION = YES;
				CLANG_WARN_INFINITE_RECURSION = YES;
				CLANG_WARN_INT_CONVERSION = YES;
				CLANG_WARN_NON_LITERAL_NULL_CONVERSION = YES;
				CLANG_WARN_OBJC_IMPLICIT_RETAIN_SELF = YES;
				CLANG_WARN_OBJC_LITERAL_CONVERSION = YES;
				CLANG_WARN_OBJC_ROOT_CLASS = YES_ERROR;
				CLANG_WARN_QUOTED_INCLUDE_IN_FRAMEWORK_HEADER = YES;
				CLANG_WARN_RANGE_LOOP_ANALYSIS = YES;
				CLANG_WARN_STRICT_PROTOTYPES = YES;
				CLANG_WARN_SUSPICIOUS_MOVE = YES;
				CLANG_WARN_UNREACHABLE_CODE = YES;
				CLANG_WARN__DUPLICATE_METHOD_MATCH = YES;
				"CODE_SIGN_IDENTITY[sdk=iphoneos*]" = "iPhone Developer";
				COPY_PHASE_STRIP = NO;
				ENABLE_STRICT_OBJC_MSGSEND = YES;
				ENABLE_TESTABILITY = YES;
				"EXCLUDED_ARCHS[sdk=iphonesimulator*]" = "";
				GCC_C_LANGUAGE_STANDARD = gnu99;
				GCC_DYNAMIC_NO_PIC = NO;
				GCC_NO_COMMON_BLOCKS = YES;
				GCC_OPTIMIZATION_LEVEL = 0;
				GCC_PREPROCESSOR_DEFINITIONS = (
					"DEBUG=1",
					"$(inherited)",
				);
				GCC_SYMBOLS_PRIVATE_EXTERN = NO;
				GCC_WARN_64_TO_32_BIT_CONVERSION = YES;
				GCC_WARN_ABOUT_RETURN_TYPE = YES_ERROR;
				GCC_WARN_UNDECLARED_SELECTOR = YES;
				GCC_WARN_UNINITIALIZED_AUTOS = YES_AGGRESSIVE;
				GCC_WARN_UNUSED_FUNCTION = YES;
				GCC_WARN_UNUSED_VARIABLE = YES;
				IPHONEOS_DEPLOYMENT_TARGET = 12.0;
				LD_RUNPATH_SEARCH_PATHS = (
					/usr/lib/swift,
					"$(inherited)",
				);
				LIBRARY_SEARCH_PATHS = (
					"\"$(SDKROOT)/usr/lib/swift\"",
					"\"$(TOOLCHAIN_DIR)/usr/lib/swift/$(PLATFORM_NAME)\"",
					"\"$(inherited)\"",
				);
				MTL_ENABLE_DEBUG_INFO = YES;
				ONLY_ACTIVE_ARCH = YES;
				SDKROOT = iphoneos;
			};
			name = Debug;
		};
		83CBBA211A601CBA00E9B192 /* Release */ = {
			isa = XCBuildConfiguration;
			buildSettings = {
				ALWAYS_SEARCH_USER_PATHS = NO;
				CLANG_ANALYZER_LOCALIZABILITY_NONLOCALIZED = YES;
				CLANG_CXX_LANGUAGE_STANDARD = "gnu++0x";
				CLANG_CXX_LIBRARY = "libc++";
				CLANG_ENABLE_MODULES = YES;
				CLANG_ENABLE_OBJC_ARC = YES;
				CLANG_WARN_BLOCK_CAPTURE_AUTORELEASING = YES;
				CLANG_WARN_BOOL_CONVERSION = YES;
				CLANG_WARN_COMMA = YES;
				CLANG_WARN_CONSTANT_CONVERSION = YES;
				CLANG_WARN_DEPRECATED_OBJC_IMPLEMENTATIONS = YES;
				CLANG_WARN_DIRECT_OBJC_ISA_USAGE = YES_ERROR;
				CLANG_WARN_EMPTY_BODY = YES;
				CLANG_WARN_ENUM_CONVERSION = YES;
				CLANG_WARN_INFINITE_RECURSION = YES;
				CLANG_WARN_INT_CONVERSION = YES;
				CLANG_WARN_NON_LITERAL_NULL_CONVERSION = YES;
				CLANG_WARN_OBJC_IMPLICIT_RETAIN_SELF = YES;
				CLANG_WARN_OBJC_LITERAL_CONVERSION = YES;
				CLANG_WARN_OBJC_ROOT_CLASS = YES_ERROR;
				CLANG_WARN_QUOTED_INCLUDE_IN_FRAMEWORK_HEADER = YES;
				CLANG_WARN_RANGE_LOOP_ANALYSIS = YES;
				CLANG_WARN_STRICT_PROTOTYPES = YES;
				CLANG_WARN_SUSPICIOUS_MOVE = YES;
				CLANG_WARN_UNREACHABLE_CODE = YES;
				CLANG_WARN__DUPLICATE_METHOD_MATCH = YES;
				"CODE_SIGN_IDENTITY[sdk=iphoneos*]" = "iPhone Developer";
				COPY_PHASE_STRIP = YES;
				ENABLE_NS_ASSERTIONS = NO;
				ENABLE_STRICT_OBJC_MSGSEND = YES;
				"EXCLUDED_ARCHS[sdk=iphonesimulator*]" = "";
				GCC_C_LANGUAGE_STANDARD = gnu99;
				GCC_NO_COMMON_BLOCKS = YES;
				GCC_WARN_64_TO_32_BIT_CONVERSION = YES;
				GCC_WARN_ABOUT_RETURN_TYPE = YES_ERROR;
				GCC_WARN_UNDECLARED_SELECTOR = YES;
				GCC_WARN_UNINITIALIZED_AUTOS = YES_AGGRESSIVE;
				GCC_WARN_UNUSED_FUNCTION = YES;
				GCC_WARN_UNUSED_VARIABLE = YES;
				IPHONEOS_DEPLOYMENT_TARGET = 12.0;
				LD_RUNPATH_SEARCH_PATHS = (
					/usr/lib/swift,
					"$(inherited)",
				);
				LIBRARY_SEARCH_PATHS = (
					"\"$(SDKROOT)/usr/lib/swift\"",
					"\"$(TOOLCHAIN_DIR)/usr/lib/swift/$(PLATFORM_NAME)\"",
					"\"$(inherited)\"",
				);
				MTL_ENABLE_DEBUG_INFO = NO;
				SDKROOT = iphoneos;
				VALIDATE_PRODUCT = YES;
			};
			name = Release;
		};
/* End XCBuildConfiguration section */

/* Begin XCConfigurationList section */
		00E357021AD99517003FC87E /* Build configuration list for PBXNativeTarget "AceCreditTests" */ = {
			isa = XCConfigurationList;
			buildConfigurations = (
				00E356F61AD99517003FC87E /* Debug */,
				00E356F71AD99517003FC87E /* Release */,
			);
			defaultConfigurationIsVisible = 0;
			defaultConfigurationName = Release;
		};
		13B07F931A680F5B00A75B9A /* Build configuration list for PBXNativeTarget "AceCredit" */ = {
			isa = XCConfigurationList;
			buildConfigurations = (
				13B07F941A680F5B00A75B9A /* Debug */,
				13B07F951A680F5B00A75B9A /* Release */,
			);
			defaultConfigurationIsVisible = 0;
			defaultConfigurationName = Release;
		};
		83CBB9FA1A601CBA00E9B192 /* Build configuration list for PBXProject "AceCredit" */ = {
			isa = XCConfigurationList;
			buildConfigurations = (
				83CBBA201A601CBA00E9B192 /* Debug */,
				83CBBA211A601CBA00E9B192 /* Release */,
			);
			defaultConfigurationIsVisible = 0;
			defaultConfigurationName = Release;
		};
/* End XCConfigurationList section */
	};
	rootObject = 83CBB9F71A601CBA00E9B192 /* Project object */;
}
